Microsoft Visual Studio Solution File, Format Version 12.00
# Visual Studio Version 17
VisualStudioVersion = 17.5.2.0
MinimumVisualStudioVersion = 10.0.40219.1
Project("{FAE04EC0-301F-11D3-BF4B-00C04F79EFBC}") = "Resume-builder", "Resume-builder.csproj", "{7C555B38-B81E-FC6C-3D9D-E320550F340C}"
EndProject
Global
	GlobalSection(SolutionConfigurationPlatforms) = preSolution
		Debug|Any CPU = Debug|Any CPU
		Release|Any CPU = Release|Any CPU
	EndGlobalSection
	GlobalSection(ProjectConfigurationPlatforms) = postSolution
		{7C555B38-B81E-FC6C-3D9D-E320550F340C}.Debug|Any CPU.ActiveCfg = Debug|Any CPU
		{7C555B38-B81E-FC6C-3D9D-E320550F340C}.Debug|Any CPU.Build.0 = Debug|Any CPU
		{7C555B38-B81E-FC6C-3D9D-E320550F340C}.Release|Any CPU.ActiveCfg = Release|Any CPU
		{7C555B38-B81E-FC6C-3D9D-E320550F340C}.Release|Any CPU.Build.0 = Release|Any CPU
	EndGlobalSection
	GlobalSection(SolutionProperties) = preSolution
		HideSolutionNode = FALSE
	EndGlobalSection
	GlobalSection(ExtensibilityGlobals) = postSolution
		SolutionGuid = {54B0BBCA-CB79-4752-A043-D184BE65472C}
	EndGlobalSection
EndGlobal
